
Microsoft Visual Studio Solution File, Format Version 12.00
# Visual Studio Version 17
VisualStudioVersion = 17.11.35431.28
MinimumVisualStudioVersion = 10.0.40219.1
Project("{FAE04EC0-301F-11D3-BF4B-00C04F79EFBC}") = "Metotlar", "Metotlar\Metotlar.csproj", "{6B7F308F-8295-4AF3-B588-B7C18D9788E6}"
EndProject
Global
	GlobalSection(SolutionConfigurationPlatforms) = preSolution
		Debug|Any CPU = Debug|Any CPU
		Release|Any CPU = Release|Any CPU
	EndGlobalSection
	GlobalSection(ProjectConfigurationPlatforms) = postSolution
		{6B7F308F-8295-4AF3-B588-B7C18D9788E6}.Debug|Any CPU.ActiveCfg = Debug|Any CPU
		{6B7F308F-8295-4AF3-B588-B7C18D9788E6}.Debug|Any CPU.Build.0 = Debug|Any CPU
		{6B7F308F-8295-4AF3-B588-B7C18D9788E6}.Release|Any CPU.ActiveCfg = Release|Any CPU
		{6B7F308F-8295-4AF3-B588-B7C18D9788E6}.Release|Any CPU.Build.0 = Release|Any CPU
	EndGlobalSection
	GlobalSection(SolutionProperties) = preSolution
		HideSolutionNode = FALSE
	EndGlobalSection
	GlobalSection(ExtensibilityGlobals) = postSolution
		SolutionGuid = {698F356E-8811-46BD-9C07-F2600DC830E4}
	EndGlobalSection
EndGlobal
